
Microsoft Visual Studio Solution File, Format Version 12.00
# Visual Studio Version 17
VisualStudioVersion = 17.5.33414.496
MinimumVisualStudioVersion = 10.0.40219.1
Project("{FAE04EC0-301F-11D3-BF4B-00C04F79EFBC}") = "project.web", "project.web\project.web.csproj", "{1DE5626B-F1D2-4416-B3CD-84193F903CD4}"
EndProject
Global
	GlobalSection(SolutionConfigurationPlatforms) = preSolution
		Debug|Any CPU = Debug|Any CPU
		Release|Any CPU = Release|Any CPU
	EndGlobalSection
	GlobalSection(ProjectConfigurationPlatforms) = postSolution
		{1DE5626B-F1D2-4416-B3CD-84193F903CD4}.Debug|Any CPU.ActiveCfg = Debug|Any CPU
		{1DE5626B-F1D2-4416-B3CD-84193F903CD4}.Debug|Any CPU.Build.0 = Debug|Any CPU
		{1DE5626B-F1D2-4416-B3CD-84193F903CD4}.Release|Any CPU.ActiveCfg = Release|Any CPU
		{1DE5626B-F1D2-4416-B3CD-84193F903CD4}.Release|Any CPU.Build.0 = Release|Any CPU
	EndGlobalSection
	GlobalSection(SolutionProperties) = preSolution
		HideSolutionNode = FALSE
	EndGlobalSection
	GlobalSection(ExtensibilityGlobals) = postSolution
		SolutionGuid = {9AC9FCFD-3AE6-4950-BBD1-B3562348AFFB}
	EndGlobalSection
EndGlobal
